
Microsoft Visual Studio Solution File, Format Version 12.00
# Visual Studio Version 16
VisualStudioVersion = 16.0.29613.14
MinimumVisualStudioVersion = 10.0.40219.1
Project("{8BC9CEB8-8B4A-11D0-8D11-00A0C91BC942}") = "HelloWorld", "HelloWorld\HelloWorld.vcxproj", "{ECF7AB1D-C530-4FD5-AC4A-854A8586DA8E}"
EndProject
Project("{8BC9CEB8-8B4A-11D0-8D11-00A0C91BC942}") = "Simple Array Sum", "Simple Array Sum\Simple Array Sum.vcxproj", "{FA978BB5-4DF7-459D-84FC-0C737E2C1C62}"
EndProject
Project("{2150E333-8FDC-42A3-9474-1A3956D46DE8}") = "C++", "C++", "{B870B55B-A490-421E-9E01-10F0103E347E}"
EndProject
Project("{8BC9CEB8-8B4A-11D0-8D11-00A0C91BC942}") = "Compare the Triplets", "Compare the Triplets\Compare the Triplets.vcxproj", "{C472541A-A264-440E-A20E-997DADBF369C}"
EndProject
Project("{8BC9CEB8-8B4A-11D0-8D11-00A0C91BC942}") = "A Very Big Sum", "A Very Big Sum\A Very Big Sum.vcxproj", "{4F6616CC-4429-4956-AAC0-F458CD628D3F}"
EndProject
Project("{2150E333-8FDC-42A3-9474-1A3956D46DE8}") = "Python", "Python", "{025568C8-703C-4402-B5CC-3998B3D236D6}"
EndProject
Global
	GlobalSection(SolutionConfigurationPlatforms) = preSolution
		Debug|Any CPU = Debug|Any CPU
		Debug|x64 = Debug|x64
		Debug|x86 = Debug|x86
		Release|Any CPU = Release|Any CPU
		Release|x64 = Release|x64
		Release|x86 = Release|x86
	EndGlobalSection
	GlobalSection(ProjectConfigurationPlatforms) = postSolution
		{ECF7AB1D-C530-4FD5-AC4A-854A8586DA8E}.Debug|Any CPU.ActiveCfg = Debug|Win32
		{ECF7AB1D-C530-4FD5-AC4A-854A8586DA8E}.Debug|x64.ActiveCfg = Debug|x64
		{ECF7AB1D-C530-4FD5-AC4A-854A8586DA8E}.Debug|x64.Build.0 = Debug|x64
		{ECF7AB1D-C530-4FD5-AC4A-854A8586DA8E}.Debug|x86.ActiveCfg = Debug|Win32
		{ECF7AB1D-C530-4FD5-AC4A-854A8586DA8E}.Debug|x86.Build.0 = Debug|Win32
		{ECF7AB1D-C530-4FD5-AC4A-854A8586DA8E}.Release|Any CPU.ActiveCfg = Release|Win32
		{ECF7AB1D-C530-4FD5-AC4A-854A8586DA8E}.Release|x64.ActiveCfg = Release|x64
		{ECF7AB1D-C530-4FD5-AC4A-854A8586DA8E}.Release|x64.Build.0 = Release|x64
		{ECF7AB1D-C530-4FD5-AC4A-854A8586DA8E}.Release|x86.ActiveCfg = Release|Win32
		{ECF7AB1D-C530-4FD5-AC4A-854A8586DA8E}.Release|x86.Build.0 = Release|Win32
		{FA978BB5-4DF7-459D-84FC-0C737E2C1C62}.Debug|Any CPU.ActiveCfg = Debug|Win32
		{FA978BB5-4DF7-459D-84FC-0C737E2C1C62}.Debug|x64.ActiveCfg = Debug|x64
		{FA978BB5-4DF7-459D-84FC-0C737E2C1C62}.Debug|x64.Build.0 = Debug|x64
		{FA978BB5-4DF7-459D-84FC-0C737E2C1C62}.Debug|x86.ActiveCfg = Debug|Win32
		{FA978BB5-4DF7-459D-84FC-0C737E2C1C62}.Debug|x86.Build.0 = Debug|Win32
		{FA978BB5-4DF7-459D-84FC-0C737E2C1C62}.Release|Any CPU.ActiveCfg = Release|Win32
		{FA978BB5-4DF7-459D-84FC-0C737E2C1C62}.Release|x64.ActiveCfg = Release|x64
		{FA978BB5-4DF7-459D-84FC-0C737E2C1C62}.Release|x64.Build.0 = Release|x64
		{FA978BB5-4DF7-459D-84FC-0C737E2C1C62}.Release|x86.ActiveCfg = Release|Win32
		{FA978BB5-4DF7-459D-84FC-0C737E2C1C62}.Release|x86.Build.0 = Release|Win32
		{C472541A-A264-440E-A20E-997DADBF369C}.Debug|Any CPU.ActiveCfg = Debug|Win32
		{C472541A-A264-440E-A20E-997DADBF369C}.Debug|x64.ActiveCfg = Debug|x64
		{C472541A-A264-440E-A20E-997DADBF369C}.Debug|x64.Build.0 = Debug|x64
		{C472541A-A264-440E-A20E-997DADBF369C}.Debug|x86.ActiveCfg = Debug|Win32
		{C472541A-A264-440E-A20E-997DADBF369C}.Debug|x86.Build.0 = Debug|Win32
		{C472541A-A264-440E-A20E-997DADBF369C}.Release|Any CPU.ActiveCfg = Release|Win32
		{C472541A-A264-440E-A20E-997DADBF369C}.Release|x64.ActiveCfg = Release|x64
		{C472541A-A264-440E-A20E-997DADBF369C}.Release|x64.Build.0 = Release|x64
		{C472541A-A264-440E-A20E-997DADBF369C}.Release|x86.ActiveCfg = Release|Win32
		{C472541A-A264-440E-A20E-997DADBF369C}.Release|x86.Build.0 = Release|Win32
		{4F6616CC-4429-4956-AAC0-F458CD628D3F}.Debug|Any CPU.ActiveCfg = Debug|Win32
		{4F6616CC-4429-4956-AAC0-F458CD628D3F}.Debug|x64.ActiveCfg = Debug|x64
		{4F6616CC-4429-4956-AAC0-F458CD628D3F}.Debug|x64.Build.0 = Debug|x64
		{4F6616CC-4429-4956-AAC0-F458CD628D3F}.Debug|x86.ActiveCfg = Debug|Win32
		{4F6616CC-4429-4956-AAC0-F458CD628D3F}.Debug|x86.Build.0 = Debug|Win32
		{4F6616CC-4429-4956-AAC0-F458CD628D3F}.Release|Any CPU.ActiveCfg = Release|Win32
		{4F6616CC-4429-4956-AAC0-F458CD628D3F}.Release|x64.ActiveCfg = Release|x64
		{4F6616CC-4429-4956-AAC0-F458CD628D3F}.Release|x64.Build.0 = Release|x64
		{4F6616CC-4429-4956-AAC0-F458CD628D3F}.Release|x86.ActiveCfg = Release|Win32
		{4F6616CC-4429-4956-AAC0-F458CD628D3F}.Release|x86.Build.0 = Release|Win32
	EndGlobalSection
	GlobalSection(SolutionProperties) = preSolution
		HideSolutionNode = FALSE
	EndGlobalSection
	GlobalSection(NestedProjects) = preSolution
		{FA978BB5-4DF7-459D-84FC-0C737E2C1C62} = {B870B55B-A490-421E-9E01-10F0103E347E}
		{C472541A-A264-440E-A20E-997DADBF369C} = {B870B55B-A490-421E-9E01-10F0103E347E}
		{4F6616CC-4429-4956-AAC0-F458CD628D3F} = {B870B55B-A490-421E-9E01-10F0103E347E}
	EndGlobalSection
	GlobalSection(ExtensibilityGlobals) = postSolution
		SolutionGuid = {50855108-F57E-4F5B-8306-2B3CCAF6E097}
	EndGlobalSection
EndGlobal
