
Microsoft Visual Studio Solution File, Format Version 12.00
# Visual Studio Version 16
VisualStudioVersion = 16.0.29613.14
MinimumVisualStudioVersion = 10.0.40219.1
Project("{8BC9CEB8-8B4A-11D0-8D11-00A0C91BC942}") = "HelloWorld", "HelloWorld\HelloWorld.vcxproj", "{ECF7AB1D-C530-4FD5-AC4A-854A8586DA8E}"
EndProject
Project("{8BC9CEB8-8B4A-11D0-8D11-00A0C91BC942}") = "Simple Array Sum", "Simple Array Sum\Simple Array Sum.vcxproj", "{FA978BB5-4DF7-459D-84FC-0C737E2C1C62}"
EndProject
Project("{2150E333-8FDC-42A3-9474-1A3956D46DE8}") = "C++", "C++", "{B870B55B-A490-421E-9E01-10F0103E347E}"
EndProject
Project("{8BC9CEB8-8B4A-11D0-8D11-00A0C91BC942}") = "Compare the Triplets", "Compare the Triplets\Compare the Triplets.vcxproj", "{C472541A-A264-440E-A20E-997DADBF369C}"
EndProject
Project("{8BC9CEB8-8B4A-11D0-8D11-00A0C91BC942}") = "A Very Big Sum", "A Very Big Sum\A Very Big Sum.vcxproj", "{4F6616CC-4429-4956-AAC0-F458CD628D3F}"
EndProject
Project("{2150E333-8FDC-42A3-9474-1A3956D46DE8}") = "Python", "Python", "{025568C8-703C-4402-B5CC-3998B3D236D6}"
EndProject
Project("{888888A0-9F3D-457C-B088-3A5042F75D52}") = "Diagonal Difference", "Diagonal Difference\Diagonal Difference.pyproj", "{DD2C9A88-406C-4CE2-BB8F-5760B36ED115}"
EndProject
Project("{888888A0-9F3D-457C-B088-3A5042F75D52}") = "HelloPython", "HelloPython\HelloPython.pyproj", "{26342D19-03DF-4C04-A538-F28981E9DF37}"
EndProject
Project("{888888A0-9F3D-457C-B088-3A5042F75D52}") = "PythonStudy", "PythonStudy\PythonStudy.pyproj", "{C8032CB2-0E1D-4EAF-9896-450F1A4D3A55}"
EndProject
Project("{2150E333-8FDC-42A3-9474-1A3956D46DE8}") = "C++++", "C++++", "{852E042D-B393-4889-BB77-6D3738E5BD6F}"
EndProject
Project("{9A19103F-16F7-4668-BE54-9A1E7A4F7556}") = "HelloC++++", "HelloC++++\HelloC++++.csproj", "{B39FEE48-BB89-4553-903D-F01CC0145D1E}"
EndProject
Project("{9A19103F-16F7-4668-BE54-9A1E7A4F7556}") = "Plus Minus", "Plus Minus\Plus Minus.csproj", "{18126F50-4B36-41EE-9022-485CB8660A77}"
EndProject
Project("{9A19103F-16F7-4668-BE54-9A1E7A4F7556}") = "C++++Study", "C++++Study\C++++Study.csproj", "{C91372B1-B482-4018-A634-D5D7475BD687}"
EndProject
Project("{8BC9CEB8-8B4A-11D0-8D11-00A0C91BC942}") = "Staircase", "Staircase\Staircase.vcxproj", "{9D0551F2-41D3-4951-A2B2-FB2E09D6ADE3}"
EndProject
Project("{8BC9CEB8-8B4A-11D0-8D11-00A0C91BC942}") = "Mini-Max Sum", "Mini-Max Sum\Mini-Max Sum.vcxproj", "{26390B00-15A8-4BBC-90A7-C85C410822FF}"
EndProject
Project("{8BC9CEB8-8B4A-11D0-8D11-00A0C91BC942}") = "Birthday Cake Candles", "Birthday Cake Candles\Birthday Cake Candles.vcxproj", "{35C08E9C-63ED-41B6-A3C9-6CE50D481A28}"
EndProject
Project("{888888A0-9F3D-457C-B088-3A5042F75D52}") = "Time Conversion", "Time Conversion\Time Conversion.pyproj", "{D650F0D2-9167-4CA8-A868-C12D1D4326B8}"
EndProject
Project("{9A19103F-16F7-4668-BE54-9A1E7A4F7556}") = "Grading Students", "Grading Students\Grading Students.csproj", "{C493FBC3-3FBD-489B-999F-8CF3227262D8}"
EndProject
Project("{9A19103F-16F7-4668-BE54-9A1E7A4F7556}") = "Apple and Orange", "Apple and Orange\Apple and Orange.csproj", "{DD1C6D37-3670-4387-A5DC-8B43BD955E07}"
EndProject
Project("{2150E333-8FDC-42A3-9474-1A3956D46DE8}") = "Study", "Study", "{D110BF10-6B19-4408-A683-38F004D9AB3B}"
EndProject
Project("{9A19103F-16F7-4668-BE54-9A1E7A4F7556}") = "Kangaroo", "Kangaroo\Kangaroo.csproj", "{7A99D205-839C-4138-B435-C55D78230500}"
EndProject
Project("{888888A0-9F3D-457C-B088-3A5042F75D52}") = "Between Two Sets", "Between Two Sets\Between Two Sets.pyproj", "{E1D3ED1B-DF13-4450-BE0A-F7564B853477}"
EndProject
Project("{8BC9CEB8-8B4A-11D0-8D11-00A0C91BC942}") = "AlgorithmStudy", "AlgorithmStudy\AlgorithmStudy.vcxproj", "{002DA476-65C5-44D2-9129-BDAFC5000FC6}"
EndProject
Project("{888888A0-9F3D-457C-B088-3A5042F75D52}") = "Breaking the Records", "Breaking the Records\Breaking the Records.pyproj", "{4B92047C-0DA7-4B17-A3A4-C0BD6B46D3F4}"
EndProject
Project("{8BC9CEB8-8B4A-11D0-8D11-00A0C91BC942}") = "Birthday Chocolate", "Birthday Chocolate\Birthday Chocolate.vcxproj", "{C9E9FD1E-DC4B-406E-ADAC-A82B35851E2A}"
EndProject
Project("{9A19103F-16F7-4668-BE54-9A1E7A4F7556}") = "Divisible Sum Pairs", "Divisible Sum Pairs\Divisible Sum Pairs.csproj", "{6A567CC8-2259-4281-A9B4-30CA5A32A523}"
EndProject
Project("{9A19103F-16F7-4668-BE54-9A1E7A4F7556}") = "Migratory Birds", "Migratory Birds\Migratory Birds.csproj", "{21370C52-77C8-4BAB-A312-57578A3CE75B}"
EndProject
Project("{8BC9CEB8-8B4A-11D0-8D11-00A0C91BC942}") = "Day of the Programmer", "Day of the Programmer\Day of the Programmer.vcxproj", "{211B17D4-6C87-4614-AE7E-508572CAFA7E}"
EndProject
Project("{8BC9CEB8-8B4A-11D0-8D11-00A0C91BC942}") = "Bon Appetit", "Bon Appetit\Bon Appetit.vcxproj", "{09ADF2C2-17F7-48D0-85CE-8D4110732AA3}"
EndProject
Project("{888888A0-9F3D-457C-B088-3A5042F75D52}") = "Sock Merchant", "Sock Merchant\Sock Merchant.pyproj", "{36C20B8D-3567-4AC3-9E89-585318196E4E}"
EndProject
Project("{888888A0-9F3D-457C-B088-3A5042F75D52}") = "Drawing Book", "Drawing Book\Drawing Book.pyproj", "{E203830E-8506-4A41-8A65-0C15CDCC76DF}"
EndProject
Project("{888888A0-9F3D-457C-B088-3A5042F75D52}") = "Counting Valleys", "Counting Valleys\Counting Valleys.pyproj", "{0D21D274-6B31-431D-BF2E-1757223BCFC9}"
EndProject
Project("{888888A0-9F3D-457C-B088-3A5042F75D52}") = "Electronics Shop", "Electronics Shop\Electronics Shop.pyproj", "{8A0A987A-6F7A-41DD-8118-20D51AB0609B}"
EndProject
Project("{888888A0-9F3D-457C-B088-3A5042F75D52}") = "Cats and a Mouse", "Cats and a Mouse\Cats and a Mouse.pyproj", "{90AE6473-FF75-451B-A11F-3CCA7D96EA5D}"
EndProject
Project("{8BC9CEB8-8B4A-11D0-8D11-00A0C91BC942}") = "Forming a Magic Square", "Forming a Magic Square\Forming a Magic Square.vcxproj", "{4CFD31B2-963F-4992-A794-A2195AC50664}"
EndProject
Project("{9A19103F-16F7-4668-BE54-9A1E7A4F7556}") = "Picking Numbers", "Picking Numbers\Picking Numbers.csproj", "{09E2EF0F-6687-4266-ACA3-9ABF4A5A88C5}"
EndProject
Project("{9A19103F-16F7-4668-BE54-9A1E7A4F7556}") = "Climbing the Leaderboard", "Climbing the Leaderboard\Climbing the Leaderboard.csproj", "{81576905-4480-48BD-8DCC-E4B68F53A379}"
EndProject
Project("{8BC9CEB8-8B4A-11D0-8D11-00A0C91BC942}") = "Climbing the Leaderboard_c++", "Climbing the Leaderboard_c++\Climbing the Leaderboard_c++.vcxproj", "{E22826DB-C4DB-4EB4-A0FE-BAD6844345F0}"
EndProject
Project("{9A19103F-16F7-4668-BE54-9A1E7A4F7556}") = "The Hurdle Race", "The Hurdle Race\The Hurdle Race.csproj", "{8B21C2E1-78BC-4726-B06C-289AC2404286}"
EndProject
Project("{8BC9CEB8-8B4A-11D0-8D11-00A0C91BC942}") = "Designer PDF Viewer", "Designer PDF Viewer\Designer PDF Viewer.vcxproj", "{230DF1CB-D713-46D1-B2AE-9AF58380FAD9}"
EndProject
Project("{8BC9CEB8-8B4A-11D0-8D11-00A0C91BC942}") = "Utopian Tree", "Utopian Tree\Utopian Tree.vcxproj", "{2A57B6FE-BBB6-4E1A-94ED-98B8DBCAA077}"
EndProject
Project("{8BC9CEB8-8B4A-11D0-8D11-00A0C91BC942}") = "Angry Professor", "Angry Professor\Angry Professor.vcxproj", "{B6D756B7-80CE-4E4A-9522-F08A2B0228EB}"
EndProject
Project("{8BC9CEB8-8B4A-11D0-8D11-00A0C91BC942}") = "Beautiful Days at the Movies", "Beautiful Days at the Movies\Beautiful Days at the Movies.vcxproj", "{13929215-6B85-423A-9085-42D9ED2567C1}"
EndProject
Project("{8BC9CEB8-8B4A-11D0-8D11-00A0C91BC942}") = "Viral Advertising", "Viral Advertising\Viral Advertising.vcxproj", "{1D0A317B-4627-46F6-9FEA-A7EF5311EF2F}"
EndProject
Project("{888888A0-9F3D-457C-B088-3A5042F75D52}") = "Save the Prisoner!", "Save the Prisoner!\Save the Prisoner!.pyproj", "{09EA76D8-428A-4668-90A6-0DBFF0D38308}"
EndProject
Project("{888888A0-9F3D-457C-B088-3A5042F75D52}") = "Circular Array Rotation", "Circular Array Rotation\Circular Array Rotation.pyproj", "{A89F51A3-623D-4714-AB6D-AA8E6A35D30B}"
EndProject
Project("{888888A0-9F3D-457C-B088-3A5042F75D52}") = "Sequence Equation", "Sequence Equation\Sequence Equation.pyproj", "{495CE1EB-7DAE-488E-B39D-81EC268E037E}"
EndProject
Project("{888888A0-9F3D-457C-B088-3A5042F75D52}") = "Jumping on the Clouds_Revisited", "Jumping on the Clouds_Revisited\Jumping on the Clouds_Revisited.pyproj", "{B4461109-03C4-41BA-A916-6B645D9DAE04}"
EndProject
Project("{8BC9CEB8-8B4A-11D0-8D11-00A0C91BC942}") = "Find Digits", "Find Digits\Find Digits.vcxproj", "{877283E1-2BDA-4F97-9C97-B15C06F72101}"
EndProject
Project("{8BC9CEB8-8B4A-11D0-8D11-00A0C91BC942}") = "Extra Long Factorials", "Extra Long Factorials\Extra Long Factorials.vcxproj", "{9C9FD5F0-1648-4263-8C57-350FDBEC1E31}"
EndProject
Project("{9A19103F-16F7-4668-BE54-9A1E7A4F7556}") = "Append and Delete", "Append and Delete\Append and Delete.csproj", "{AC190ECE-55BE-42F3-9DB7-C1B676871461}"
EndProject
Project("{9A19103F-16F7-4668-BE54-9A1E7A4F7556}") = "Sherlock and Squares", "Sherlock and Squares\Sherlock and Squares.csproj", "{926E481F-4CB4-4CAD-964A-939D836C2B97}"
EndProject
Project("{9A19103F-16F7-4668-BE54-9A1E7A4F7556}") = "Library Fine", "Library Fine\Library Fine.csproj", "{73F23333-3A12-4D06-ACDB-8AF3B43BA683}"
EndProject
Project("{8BC9CEB8-8B4A-11D0-8D11-00A0C91BC942}") = "Cut the sticks", "Cut the sticks\Cut the sticks.vcxproj", "{5AB3A71B-9FF2-4B02-8B89-25E41CA3CC8E}"
EndProject
Project("{8BC9CEB8-8B4A-11D0-8D11-00A0C91BC942}") = "Non-Divisible Subset", "Non-Divisible Subset\Non-Divisible Subset.vcxproj", "{BAFCEBE1-DBE2-490E-A6C9-6374DEB5ECFD}"
EndProject
Project("{888888A0-9F3D-457C-B088-3A5042F75D52}") = "Repeated String", "Repeated String\Repeated String.pyproj", "{12F91518-AC0D-431C-9ADD-BCBB52BDE2D5}"
EndProject
Project("{888888A0-9F3D-457C-B088-3A5042F75D52}") = "Jumping on the Clouds", "Jumping on the Clouds\Jumping on the Clouds.pyproj", "{7D5FC9C4-7F25-48FA-A1B9-2BFE21265015}"
EndProject
Project("{888888A0-9F3D-457C-B088-3A5042F75D52}") = "Equalize the Array", "Equalize the Array\Equalize the Array.pyproj", "{E013E21B-E4FD-49E9-A58F-3E1108F25B64}"
EndProject
Project("{8BC9CEB8-8B4A-11D0-8D11-00A0C91BC942}") = "Queen's Attack 2", "Queen's Attack 2\Queen's Attack 2.vcxproj", "{9AC3E567-CC4F-416B-A531-BF0C6E9318CF}"
EndProject
Project("{9A19103F-16F7-4668-BE54-9A1E7A4F7556}") = "ACM ICPC Team", "ACM ICPC Team\ACM ICPC Team.csproj", "{2D7C83F5-9B49-4AEB-9EE4-9331B2530F73}"
EndProject
Project("{9A19103F-16F7-4668-BE54-9A1E7A4F7556}") = "Taum and B'day", "Taum and B'day\Taum and B'day.csproj", "{4BD82707-F50B-46A8-9087-04D8263D8764}"
EndProject
Project("{888888A0-9F3D-457C-B088-3A5042F75D52}") = "Organizing Containers of Balls", "Organizing Containers of Balls\Organizing Containers of Balls.pyproj", "{B377DC72-7997-4680-9650-7B4767810CB8}"
EndProject
Global
	GlobalSection(SolutionConfigurationPlatforms) = preSolution
		Debug|Any CPU = Debug|Any CPU
		Debug|x64 = Debug|x64
		Debug|x86 = Debug|x86
		Release|Any CPU = Release|Any CPU
		Release|x64 = Release|x64
		Release|x86 = Release|x86
	EndGlobalSection
	GlobalSection(ProjectConfigurationPlatforms) = postSolution
		{ECF7AB1D-C530-4FD5-AC4A-854A8586DA8E}.Debug|Any CPU.ActiveCfg = Debug|Win32
		{ECF7AB1D-C530-4FD5-AC4A-854A8586DA8E}.Debug|x64.ActiveCfg = Debug|x64
		{ECF7AB1D-C530-4FD5-AC4A-854A8586DA8E}.Debug|x64.Build.0 = Debug|x64
		{ECF7AB1D-C530-4FD5-AC4A-854A8586DA8E}.Debug|x86.ActiveCfg = Debug|Win32
		{ECF7AB1D-C530-4FD5-AC4A-854A8586DA8E}.Debug|x86.Build.0 = Debug|Win32
		{ECF7AB1D-C530-4FD5-AC4A-854A8586DA8E}.Release|Any CPU.ActiveCfg = Release|Win32
		{ECF7AB1D-C530-4FD5-AC4A-854A8586DA8E}.Release|x64.ActiveCfg = Release|x64
		{ECF7AB1D-C530-4FD5-AC4A-854A8586DA8E}.Release|x64.Build.0 = Release|x64
		{ECF7AB1D-C530-4FD5-AC4A-854A8586DA8E}.Release|x86.ActiveCfg = Release|Win32
		{ECF7AB1D-C530-4FD5-AC4A-854A8586DA8E}.Release|x86.Build.0 = Release|Win32
		{FA978BB5-4DF7-459D-84FC-0C737E2C1C62}.Debug|Any CPU.ActiveCfg = Debug|Win32
		{FA978BB5-4DF7-459D-84FC-0C737E2C1C62}.Debug|x64.ActiveCfg = Debug|x64
		{FA978BB5-4DF7-459D-84FC-0C737E2C1C62}.Debug|x64.Build.0 = Debug|x64
		{FA978BB5-4DF7-459D-84FC-0C737E2C1C62}.Debug|x86.ActiveCfg = Debug|Win32
		{FA978BB5-4DF7-459D-84FC-0C737E2C1C62}.Debug|x86.Build.0 = Debug|Win32
		{FA978BB5-4DF7-459D-84FC-0C737E2C1C62}.Release|Any CPU.ActiveCfg = Release|Win32
		{FA978BB5-4DF7-459D-84FC-0C737E2C1C62}.Release|x64.ActiveCfg = Release|x64
		{FA978BB5-4DF7-459D-84FC-0C737E2C1C62}.Release|x64.Build.0 = Release|x64
		{FA978BB5-4DF7-459D-84FC-0C737E2C1C62}.Release|x86.ActiveCfg = Release|Win32
		{FA978BB5-4DF7-459D-84FC-0C737E2C1C62}.Release|x86.Build.0 = Release|Win32
		{C472541A-A264-440E-A20E-997DADBF369C}.Debug|Any CPU.ActiveCfg = Debug|Win32
		{C472541A-A264-440E-A20E-997DADBF369C}.Debug|x64.ActiveCfg = Debug|x64
		{C472541A-A264-440E-A20E-997DADBF369C}.Debug|x64.Build.0 = Debug|x64
		{C472541A-A264-440E-A20E-997DADBF369C}.Debug|x86.ActiveCfg = Debug|Win32
		{C472541A-A264-440E-A20E-997DADBF369C}.Debug|x86.Build.0 = Debug|Win32
		{C472541A-A264-440E-A20E-997DADBF369C}.Release|Any CPU.ActiveCfg = Release|Win32
		{C472541A-A264-440E-A20E-997DADBF369C}.Release|x64.ActiveCfg = Release|x64
		{C472541A-A264-440E-A20E-997DADBF369C}.Release|x64.Build.0 = Release|x64
		{C472541A-A264-440E-A20E-997DADBF369C}.Release|x86.ActiveCfg = Release|Win32
		{C472541A-A264-440E-A20E-997DADBF369C}.Release|x86.Build.0 = Release|Win32
		{4F6616CC-4429-4956-AAC0-F458CD628D3F}.Debug|Any CPU.ActiveCfg = Debug|Win32
		{4F6616CC-4429-4956-AAC0-F458CD628D3F}.Debug|x64.ActiveCfg = Debug|x64
		{4F6616CC-4429-4956-AAC0-F458CD628D3F}.Debug|x64.Build.0 = Debug|x64
		{4F6616CC-4429-4956-AAC0-F458CD628D3F}.Debug|x86.ActiveCfg = Debug|Win32
		{4F6616CC-4429-4956-AAC0-F458CD628D3F}.Debug|x86.Build.0 = Debug|Win32
		{4F6616CC-4429-4956-AAC0-F458CD628D3F}.Release|Any CPU.ActiveCfg = Release|Win32
		{4F6616CC-4429-4956-AAC0-F458CD628D3F}.Release|x64.ActiveCfg = Release|x64
		{4F6616CC-4429-4956-AAC0-F458CD628D3F}.Release|x64.Build.0 = Release|x64
		{4F6616CC-4429-4956-AAC0-F458CD628D3F}.Release|x86.ActiveCfg = Release|Win32
		{4F6616CC-4429-4956-AAC0-F458CD628D3F}.Release|x86.Build.0 = Release|Win32
		{DD2C9A88-406C-4CE2-BB8F-5760B36ED115}.Debug|Any CPU.ActiveCfg = Debug|Any CPU
		{DD2C9A88-406C-4CE2-BB8F-5760B36ED115}.Debug|x64.ActiveCfg = Debug|Any CPU
		{DD2C9A88-406C-4CE2-BB8F-5760B36ED115}.Debug|x86.ActiveCfg = Debug|Any CPU
		{DD2C9A88-406C-4CE2-BB8F-5760B36ED115}.Release|Any CPU.ActiveCfg = Release|Any CPU
		{DD2C9A88-406C-4CE2-BB8F-5760B36ED115}.Release|x64.ActiveCfg = Release|Any CPU
		{DD2C9A88-406C-4CE2-BB8F-5760B36ED115}.Release|x86.ActiveCfg = Release|Any CPU
		{26342D19-03DF-4C04-A538-F28981E9DF37}.Debug|Any CPU.ActiveCfg = Debug|Any CPU
		{26342D19-03DF-4C04-A538-F28981E9DF37}.Debug|x64.ActiveCfg = Debug|Any CPU
		{26342D19-03DF-4C04-A538-F28981E9DF37}.Debug|x86.ActiveCfg = Debug|Any CPU
		{26342D19-03DF-4C04-A538-F28981E9DF37}.Release|Any CPU.ActiveCfg = Release|Any CPU
		{26342D19-03DF-4C04-A538-F28981E9DF37}.Release|x64.ActiveCfg = Release|Any CPU
		{26342D19-03DF-4C04-A538-F28981E9DF37}.Release|x86.ActiveCfg = Release|Any CPU
		{C8032CB2-0E1D-4EAF-9896-450F1A4D3A55}.Debug|Any CPU.ActiveCfg = Debug|Any CPU
		{C8032CB2-0E1D-4EAF-9896-450F1A4D3A55}.Debug|x64.ActiveCfg = Debug|Any CPU
		{C8032CB2-0E1D-4EAF-9896-450F1A4D3A55}.Debug|x86.ActiveCfg = Debug|Any CPU
		{C8032CB2-0E1D-4EAF-9896-450F1A4D3A55}.Release|Any CPU.ActiveCfg = Release|Any CPU
		{C8032CB2-0E1D-4EAF-9896-450F1A4D3A55}.Release|x64.ActiveCfg = Release|Any CPU
		{C8032CB2-0E1D-4EAF-9896-450F1A4D3A55}.Release|x86.ActiveCfg = Release|Any CPU
		{B39FEE48-BB89-4553-903D-F01CC0145D1E}.Debug|Any CPU.ActiveCfg = Debug|Any CPU
		{B39FEE48-BB89-4553-903D-F01CC0145D1E}.Debug|Any CPU.Build.0 = Debug|Any CPU
		{B39FEE48-BB89-4553-903D-F01CC0145D1E}.Debug|x64.ActiveCfg = Debug|Any CPU
		{B39FEE48-BB89-4553-903D-F01CC0145D1E}.Debug|x64.Build.0 = Debug|Any CPU
		{B39FEE48-BB89-4553-903D-F01CC0145D1E}.Debug|x86.ActiveCfg = Debug|Any CPU
		{B39FEE48-BB89-4553-903D-F01CC0145D1E}.Debug|x86.Build.0 = Debug|Any CPU
		{B39FEE48-BB89-4553-903D-F01CC0145D1E}.Release|Any CPU.ActiveCfg = Release|Any CPU
		{B39FEE48-BB89-4553-903D-F01CC0145D1E}.Release|Any CPU.Build.0 = Release|Any CPU
		{B39FEE48-BB89-4553-903D-F01CC0145D1E}.Release|x64.ActiveCfg = Release|Any CPU
		{B39FEE48-BB89-4553-903D-F01CC0145D1E}.Release|x64.Build.0 = Release|Any CPU
		{B39FEE48-BB89-4553-903D-F01CC0145D1E}.Release|x86.ActiveCfg = Release|Any CPU
		{B39FEE48-BB89-4553-903D-F01CC0145D1E}.Release|x86.Build.0 = Release|Any CPU
		{18126F50-4B36-41EE-9022-485CB8660A77}.Debug|Any CPU.ActiveCfg = Debug|Any CPU
		{18126F50-4B36-41EE-9022-485CB8660A77}.Debug|Any CPU.Build.0 = Debug|Any CPU
		{18126F50-4B36-41EE-9022-485CB8660A77}.Debug|x64.ActiveCfg = Debug|Any CPU
		{18126F50-4B36-41EE-9022-485CB8660A77}.Debug|x64.Build.0 = Debug|Any CPU
		{18126F50-4B36-41EE-9022-485CB8660A77}.Debug|x86.ActiveCfg = Debug|Any CPU
		{18126F50-4B36-41EE-9022-485CB8660A77}.Debug|x86.Build.0 = Debug|Any CPU
		{18126F50-4B36-41EE-9022-485CB8660A77}.Release|Any CPU.ActiveCfg = Release|Any CPU
		{18126F50-4B36-41EE-9022-485CB8660A77}.Release|Any CPU.Build.0 = Release|Any CPU
		{18126F50-4B36-41EE-9022-485CB8660A77}.Release|x64.ActiveCfg = Release|Any CPU
		{18126F50-4B36-41EE-9022-485CB8660A77}.Release|x64.Build.0 = Release|Any CPU
		{18126F50-4B36-41EE-9022-485CB8660A77}.Release|x86.ActiveCfg = Release|Any CPU
		{18126F50-4B36-41EE-9022-485CB8660A77}.Release|x86.Build.0 = Release|Any CPU
		{C91372B1-B482-4018-A634-D5D7475BD687}.Debug|Any CPU.ActiveCfg = Debug|Any CPU
		{C91372B1-B482-4018-A634-D5D7475BD687}.Debug|Any CPU.Build.0 = Debug|Any CPU
		{C91372B1-B482-4018-A634-D5D7475BD687}.Debug|x64.ActiveCfg = Debug|Any CPU
		{C91372B1-B482-4018-A634-D5D7475BD687}.Debug|x64.Build.0 = Debug|Any CPU
		{C91372B1-B482-4018-A634-D5D7475BD687}.Debug|x86.ActiveCfg = Debug|Any CPU
		{C91372B1-B482-4018-A634-D5D7475BD687}.Debug|x86.Build.0 = Debug|Any CPU
		{C91372B1-B482-4018-A634-D5D7475BD687}.Release|Any CPU.ActiveCfg = Release|Any CPU
		{C91372B1-B482-4018-A634-D5D7475BD687}.Release|Any CPU.Build.0 = Release|Any CPU
		{C91372B1-B482-4018-A634-D5D7475BD687}.Release|x64.ActiveCfg = Release|Any CPU
		{C91372B1-B482-4018-A634-D5D7475BD687}.Release|x64.Build.0 = Release|Any CPU
		{C91372B1-B482-4018-A634-D5D7475BD687}.Release|x86.ActiveCfg = Release|Any CPU
		{C91372B1-B482-4018-A634-D5D7475BD687}.Release|x86.Build.0 = Release|Any CPU
		{9D0551F2-41D3-4951-A2B2-FB2E09D6ADE3}.Debug|Any CPU.ActiveCfg = Debug|Win32
		{9D0551F2-41D3-4951-A2B2-FB2E09D6ADE3}.Debug|x64.ActiveCfg = Debug|x64
		{9D0551F2-41D3-4951-A2B2-FB2E09D6ADE3}.Debug|x64.Build.0 = Debug|x64
		{9D0551F2-41D3-4951-A2B2-FB2E09D6ADE3}.Debug|x86.ActiveCfg = Debug|Win32
		{9D0551F2-41D3-4951-A2B2-FB2E09D6ADE3}.Debug|x86.Build.0 = Debug|Win32
		{9D0551F2-41D3-4951-A2B2-FB2E09D6ADE3}.Release|Any CPU.ActiveCfg = Release|Win32
		{9D0551F2-41D3-4951-A2B2-FB2E09D6ADE3}.Release|x64.ActiveCfg = Release|x64
		{9D0551F2-41D3-4951-A2B2-FB2E09D6ADE3}.Release|x64.Build.0 = Release|x64
		{9D0551F2-41D3-4951-A2B2-FB2E09D6ADE3}.Release|x86.ActiveCfg = Release|Win32
		{9D0551F2-41D3-4951-A2B2-FB2E09D6ADE3}.Release|x86.Build.0 = Release|Win32
		{26390B00-15A8-4BBC-90A7-C85C410822FF}.Debug|Any CPU.ActiveCfg = Debug|Win32
		{26390B00-15A8-4BBC-90A7-C85C410822FF}.Debug|x64.ActiveCfg = Debug|x64
		{26390B00-15A8-4BBC-90A7-C85C410822FF}.Debug|x64.Build.0 = Debug|x64
		{26390B00-15A8-4BBC-90A7-C85C410822FF}.Debug|x86.ActiveCfg = Debug|Win32
		{26390B00-15A8-4BBC-90A7-C85C410822FF}.Debug|x86.Build.0 = Debug|Win32
		{26390B00-15A8-4BBC-90A7-C85C410822FF}.Release|Any CPU.ActiveCfg = Release|Win32
		{26390B00-15A8-4BBC-90A7-C85C410822FF}.Release|x64.ActiveCfg = Release|x64
		{26390B00-15A8-4BBC-90A7-C85C410822FF}.Release|x64.Build.0 = Release|x64
		{26390B00-15A8-4BBC-90A7-C85C410822FF}.Release|x86.ActiveCfg = Release|Win32
		{26390B00-15A8-4BBC-90A7-C85C410822FF}.Release|x86.Build.0 = Release|Win32
		{35C08E9C-63ED-41B6-A3C9-6CE50D481A28}.Debug|Any CPU.ActiveCfg = Debug|Win32
		{35C08E9C-63ED-41B6-A3C9-6CE50D481A28}.Debug|x64.ActiveCfg = Debug|x64
		{35C08E9C-63ED-41B6-A3C9-6CE50D481A28}.Debug|x64.Build.0 = Debug|x64
		{35C08E9C-63ED-41B6-A3C9-6CE50D481A28}.Debug|x86.ActiveCfg = Debug|Win32
		{35C08E9C-63ED-41B6-A3C9-6CE50D481A28}.Debug|x86.Build.0 = Debug|Win32
		{35C08E9C-63ED-41B6-A3C9-6CE50D481A28}.Release|Any CPU.ActiveCfg = Release|Win32
		{35C08E9C-63ED-41B6-A3C9-6CE50D481A28}.Release|x64.ActiveCfg = Release|x64
		{35C08E9C-63ED-41B6-A3C9-6CE50D481A28}.Release|x64.Build.0 = Release|x64
		{35C08E9C-63ED-41B6-A3C9-6CE50D481A28}.Release|x86.ActiveCfg = Release|Win32
		{35C08E9C-63ED-41B6-A3C9-6CE50D481A28}.Release|x86.Build.0 = Release|Win32
		{D650F0D2-9167-4CA8-A868-C12D1D4326B8}.Debug|Any CPU.ActiveCfg = Debug|Any CPU
		{D650F0D2-9167-4CA8-A868-C12D1D4326B8}.Debug|x64.ActiveCfg = Debug|Any CPU
		{D650F0D2-9167-4CA8-A868-C12D1D4326B8}.Debug|x86.ActiveCfg = Debug|Any CPU
		{D650F0D2-9167-4CA8-A868-C12D1D4326B8}.Release|Any CPU.ActiveCfg = Release|Any CPU
		{D650F0D2-9167-4CA8-A868-C12D1D4326B8}.Release|x64.ActiveCfg = Release|Any CPU
		{D650F0D2-9167-4CA8-A868-C12D1D4326B8}.Release|x86.ActiveCfg = Release|Any CPU
		{C493FBC3-3FBD-489B-999F-8CF3227262D8}.Debug|Any CPU.ActiveCfg = Debug|Any CPU
		{C493FBC3-3FBD-489B-999F-8CF3227262D8}.Debug|Any CPU.Build.0 = Debug|Any CPU
		{C493FBC3-3FBD-489B-999F-8CF3227262D8}.Debug|x64.ActiveCfg = Debug|Any CPU
		{C493FBC3-3FBD-489B-999F-8CF3227262D8}.Debug|x64.Build.0 = Debug|Any CPU
		{C493FBC3-3FBD-489B-999F-8CF3227262D8}.Debug|x86.ActiveCfg = Debug|Any CPU
		{C493FBC3-3FBD-489B-999F-8CF3227262D8}.Debug|x86.Build.0 = Debug|Any CPU
		{C493FBC3-3FBD-489B-999F-8CF3227262D8}.Release|Any CPU.ActiveCfg = Release|Any CPU
		{C493FBC3-3FBD-489B-999F-8CF3227262D8}.Release|Any CPU.Build.0 = Release|Any CPU
		{C493FBC3-3FBD-489B-999F-8CF3227262D8}.Release|x64.ActiveCfg = Release|Any CPU
		{C493FBC3-3FBD-489B-999F-8CF3227262D8}.Release|x64.Build.0 = Release|Any CPU
		{C493FBC3-3FBD-489B-999F-8CF3227262D8}.Release|x86.ActiveCfg = Release|Any CPU
		{C493FBC3-3FBD-489B-999F-8CF3227262D8}.Release|x86.Build.0 = Release|Any CPU
		{DD1C6D37-3670-4387-A5DC-8B43BD955E07}.Debug|Any CPU.ActiveCfg = Debug|Any CPU
		{DD1C6D37-3670-4387-A5DC-8B43BD955E07}.Debug|Any CPU.Build.0 = Debug|Any CPU
		{DD1C6D37-3670-4387-A5DC-8B43BD955E07}.Debug|x64.ActiveCfg = Debug|Any CPU
		{DD1C6D37-3670-4387-A5DC-8B43BD955E07}.Debug|x64.Build.0 = Debug|Any CPU
		{DD1C6D37-3670-4387-A5DC-8B43BD955E07}.Debug|x86.ActiveCfg = Debug|Any CPU
		{DD1C6D37-3670-4387-A5DC-8B43BD955E07}.Debug|x86.Build.0 = Debug|Any CPU
		{DD1C6D37-3670-4387-A5DC-8B43BD955E07}.Release|Any CPU.ActiveCfg = Release|Any CPU
		{DD1C6D37-3670-4387-A5DC-8B43BD955E07}.Release|Any CPU.Build.0 = Release|Any CPU
		{DD1C6D37-3670-4387-A5DC-8B43BD955E07}.Release|x64.ActiveCfg = Release|Any CPU
		{DD1C6D37-3670-4387-A5DC-8B43BD955E07}.Release|x64.Build.0 = Release|Any CPU
		{DD1C6D37-3670-4387-A5DC-8B43BD955E07}.Release|x86.ActiveCfg = Release|Any CPU
		{DD1C6D37-3670-4387-A5DC-8B43BD955E07}.Release|x86.Build.0 = Release|Any CPU
		{7A99D205-839C-4138-B435-C55D78230500}.Debug|Any CPU.ActiveCfg = Debug|Any CPU
		{7A99D205-839C-4138-B435-C55D78230500}.Debug|Any CPU.Build.0 = Debug|Any CPU
		{7A99D205-839C-4138-B435-C55D78230500}.Debug|x64.ActiveCfg = Debug|Any CPU
		{7A99D205-839C-4138-B435-C55D78230500}.Debug|x64.Build.0 = Debug|Any CPU
		{7A99D205-839C-4138-B435-C55D78230500}.Debug|x86.ActiveCfg = Debug|Any CPU
		{7A99D205-839C-4138-B435-C55D78230500}.Debug|x86.Build.0 = Debug|Any CPU
		{7A99D205-839C-4138-B435-C55D78230500}.Release|Any CPU.ActiveCfg = Release|Any CPU
		{7A99D205-839C-4138-B435-C55D78230500}.Release|Any CPU.Build.0 = Release|Any CPU
		{7A99D205-839C-4138-B435-C55D78230500}.Release|x64.ActiveCfg = Release|Any CPU
		{7A99D205-839C-4138-B435-C55D78230500}.Release|x64.Build.0 = Release|Any CPU
		{7A99D205-839C-4138-B435-C55D78230500}.Release|x86.ActiveCfg = Release|Any CPU
		{7A99D205-839C-4138-B435-C55D78230500}.Release|x86.Build.0 = Release|Any CPU
		{E1D3ED1B-DF13-4450-BE0A-F7564B853477}.Debug|Any CPU.ActiveCfg = Debug|Any CPU
		{E1D3ED1B-DF13-4450-BE0A-F7564B853477}.Debug|x64.ActiveCfg = Debug|Any CPU
		{E1D3ED1B-DF13-4450-BE0A-F7564B853477}.Debug|x86.ActiveCfg = Debug|Any CPU
		{E1D3ED1B-DF13-4450-BE0A-F7564B853477}.Release|Any CPU.ActiveCfg = Release|Any CPU
		{E1D3ED1B-DF13-4450-BE0A-F7564B853477}.Release|x64.ActiveCfg = Release|Any CPU
		{E1D3ED1B-DF13-4450-BE0A-F7564B853477}.Release|x86.ActiveCfg = Release|Any CPU
		{002DA476-65C5-44D2-9129-BDAFC5000FC6}.Debug|Any CPU.ActiveCfg = Debug|Win32
		{002DA476-65C5-44D2-9129-BDAFC5000FC6}.Debug|x64.ActiveCfg = Debug|x64
		{002DA476-65C5-44D2-9129-BDAFC5000FC6}.Debug|x64.Build.0 = Debug|x64
		{002DA476-65C5-44D2-9129-BDAFC5000FC6}.Debug|x86.ActiveCfg = Debug|Win32
		{002DA476-65C5-44D2-9129-BDAFC5000FC6}.Debug|x86.Build.0 = Debug|Win32
		{002DA476-65C5-44D2-9129-BDAFC5000FC6}.Release|Any CPU.ActiveCfg = Release|Win32
		{002DA476-65C5-44D2-9129-BDAFC5000FC6}.Release|x64.ActiveCfg = Release|x64
		{002DA476-65C5-44D2-9129-BDAFC5000FC6}.Release|x64.Build.0 = Release|x64
		{002DA476-65C5-44D2-9129-BDAFC5000FC6}.Release|x86.ActiveCfg = Release|Win32
		{002DA476-65C5-44D2-9129-BDAFC5000FC6}.Release|x86.Build.0 = Release|Win32
		{4B92047C-0DA7-4B17-A3A4-C0BD6B46D3F4}.Debug|Any CPU.ActiveCfg = Debug|Any CPU
		{4B92047C-0DA7-4B17-A3A4-C0BD6B46D3F4}.Debug|x64.ActiveCfg = Debug|Any CPU
		{4B92047C-0DA7-4B17-A3A4-C0BD6B46D3F4}.Debug|x86.ActiveCfg = Debug|Any CPU
		{4B92047C-0DA7-4B17-A3A4-C0BD6B46D3F4}.Release|Any CPU.ActiveCfg = Release|Any CPU
		{4B92047C-0DA7-4B17-A3A4-C0BD6B46D3F4}.Release|x64.ActiveCfg = Release|Any CPU
		{4B92047C-0DA7-4B17-A3A4-C0BD6B46D3F4}.Release|x86.ActiveCfg = Release|Any CPU
		{C9E9FD1E-DC4B-406E-ADAC-A82B35851E2A}.Debug|Any CPU.ActiveCfg = Debug|Win32
		{C9E9FD1E-DC4B-406E-ADAC-A82B35851E2A}.Debug|x64.ActiveCfg = Debug|x64
		{C9E9FD1E-DC4B-406E-ADAC-A82B35851E2A}.Debug|x64.Build.0 = Debug|x64
		{C9E9FD1E-DC4B-406E-ADAC-A82B35851E2A}.Debug|x86.ActiveCfg = Debug|Win32
		{C9E9FD1E-DC4B-406E-ADAC-A82B35851E2A}.Debug|x86.Build.0 = Debug|Win32
		{C9E9FD1E-DC4B-406E-ADAC-A82B35851E2A}.Release|Any CPU.ActiveCfg = Release|Win32
		{C9E9FD1E-DC4B-406E-ADAC-A82B35851E2A}.Release|x64.ActiveCfg = Release|x64
		{C9E9FD1E-DC4B-406E-ADAC-A82B35851E2A}.Release|x64.Build.0 = Release|x64
		{C9E9FD1E-DC4B-406E-ADAC-A82B35851E2A}.Release|x86.ActiveCfg = Release|Win32
		{C9E9FD1E-DC4B-406E-ADAC-A82B35851E2A}.Release|x86.Build.0 = Release|Win32
		{6A567CC8-2259-4281-A9B4-30CA5A32A523}.Debug|Any CPU.ActiveCfg = Debug|Any CPU
		{6A567CC8-2259-4281-A9B4-30CA5A32A523}.Debug|Any CPU.Build.0 = Debug|Any CPU
		{6A567CC8-2259-4281-A9B4-30CA5A32A523}.Debug|x64.ActiveCfg = Debug|Any CPU
		{6A567CC8-2259-4281-A9B4-30CA5A32A523}.Debug|x64.Build.0 = Debug|Any CPU
		{6A567CC8-2259-4281-A9B4-30CA5A32A523}.Debug|x86.ActiveCfg = Debug|Any CPU
		{6A567CC8-2259-4281-A9B4-30CA5A32A523}.Debug|x86.Build.0 = Debug|Any CPU
		{6A567CC8-2259-4281-A9B4-30CA5A32A523}.Release|Any CPU.ActiveCfg = Release|Any CPU
		{6A567CC8-2259-4281-A9B4-30CA5A32A523}.Release|Any CPU.Build.0 = Release|Any CPU
		{6A567CC8-2259-4281-A9B4-30CA5A32A523}.Release|x64.ActiveCfg = Release|Any CPU
		{6A567CC8-2259-4281-A9B4-30CA5A32A523}.Release|x64.Build.0 = Release|Any CPU
		{6A567CC8-2259-4281-A9B4-30CA5A32A523}.Release|x86.ActiveCfg = Release|Any CPU
		{6A567CC8-2259-4281-A9B4-30CA5A32A523}.Release|x86.Build.0 = Release|Any CPU
		{21370C52-77C8-4BAB-A312-57578A3CE75B}.Debug|Any CPU.ActiveCfg = Debug|Any CPU
		{21370C52-77C8-4BAB-A312-57578A3CE75B}.Debug|Any CPU.Build.0 = Debug|Any CPU
		{21370C52-77C8-4BAB-A312-57578A3CE75B}.Debug|x64.ActiveCfg = Debug|Any CPU
		{21370C52-77C8-4BAB-A312-57578A3CE75B}.Debug|x64.Build.0 = Debug|Any CPU
		{21370C52-77C8-4BAB-A312-57578A3CE75B}.Debug|x86.ActiveCfg = Debug|Any CPU
		{21370C52-77C8-4BAB-A312-57578A3CE75B}.Debug|x86.Build.0 = Debug|Any CPU
		{21370C52-77C8-4BAB-A312-57578A3CE75B}.Release|Any CPU.ActiveCfg = Release|Any CPU
		{21370C52-77C8-4BAB-A312-57578A3CE75B}.Release|Any CPU.Build.0 = Release|Any CPU
		{21370C52-77C8-4BAB-A312-57578A3CE75B}.Release|x64.ActiveCfg = Release|Any CPU
		{21370C52-77C8-4BAB-A312-57578A3CE75B}.Release|x64.Build.0 = Release|Any CPU
		{21370C52-77C8-4BAB-A312-57578A3CE75B}.Release|x86.ActiveCfg = Release|Any CPU
		{21370C52-77C8-4BAB-A312-57578A3CE75B}.Release|x86.Build.0 = Release|Any CPU
		{211B17D4-6C87-4614-AE7E-508572CAFA7E}.Debug|Any CPU.ActiveCfg = Debug|Win32
		{211B17D4-6C87-4614-AE7E-508572CAFA7E}.Debug|x64.ActiveCfg = Debug|x64
		{211B17D4-6C87-4614-AE7E-508572CAFA7E}.Debug|x64.Build.0 = Debug|x64
		{211B17D4-6C87-4614-AE7E-508572CAFA7E}.Debug|x86.ActiveCfg = Debug|Win32
		{211B17D4-6C87-4614-AE7E-508572CAFA7E}.Debug|x86.Build.0 = Debug|Win32
		{211B17D4-6C87-4614-AE7E-508572CAFA7E}.Release|Any CPU.ActiveCfg = Release|Win32
		{211B17D4-6C87-4614-AE7E-508572CAFA7E}.Release|x64.ActiveCfg = Release|x64
		{211B17D4-6C87-4614-AE7E-508572CAFA7E}.Release|x64.Build.0 = Release|x64
		{211B17D4-6C87-4614-AE7E-508572CAFA7E}.Release|x86.ActiveCfg = Release|Win32
		{211B17D4-6C87-4614-AE7E-508572CAFA7E}.Release|x86.Build.0 = Release|Win32
		{09ADF2C2-17F7-48D0-85CE-8D4110732AA3}.Debug|Any CPU.ActiveCfg = Debug|Win32
		{09ADF2C2-17F7-48D0-85CE-8D4110732AA3}.Debug|x64.ActiveCfg = Debug|x64
		{09ADF2C2-17F7-48D0-85CE-8D4110732AA3}.Debug|x64.Build.0 = Debug|x64
		{09ADF2C2-17F7-48D0-85CE-8D4110732AA3}.Debug|x86.ActiveCfg = Debug|Win32
		{09ADF2C2-17F7-48D0-85CE-8D4110732AA3}.Debug|x86.Build.0 = Debug|Win32
		{09ADF2C2-17F7-48D0-85CE-8D4110732AA3}.Release|Any CPU.ActiveCfg = Release|Win32
		{09ADF2C2-17F7-48D0-85CE-8D4110732AA3}.Release|x64.ActiveCfg = Release|x64
		{09ADF2C2-17F7-48D0-85CE-8D4110732AA3}.Release|x64.Build.0 = Release|x64
		{09ADF2C2-17F7-48D0-85CE-8D4110732AA3}.Release|x86.ActiveCfg = Release|Win32
		{09ADF2C2-17F7-48D0-85CE-8D4110732AA3}.Release|x86.Build.0 = Release|Win32
		{36C20B8D-3567-4AC3-9E89-585318196E4E}.Debug|Any CPU.ActiveCfg = Debug|Any CPU
		{36C20B8D-3567-4AC3-9E89-585318196E4E}.Debug|x64.ActiveCfg = Debug|Any CPU
		{36C20B8D-3567-4AC3-9E89-585318196E4E}.Debug|x86.ActiveCfg = Debug|Any CPU
		{36C20B8D-3567-4AC3-9E89-585318196E4E}.Release|Any CPU.ActiveCfg = Release|Any CPU
		{36C20B8D-3567-4AC3-9E89-585318196E4E}.Release|x64.ActiveCfg = Release|Any CPU
		{36C20B8D-3567-4AC3-9E89-585318196E4E}.Release|x86.ActiveCfg = Release|Any CPU
		{E203830E-8506-4A41-8A65-0C15CDCC76DF}.Debug|Any CPU.ActiveCfg = Debug|Any CPU
		{E203830E-8506-4A41-8A65-0C15CDCC76DF}.Debug|x64.ActiveCfg = Debug|Any CPU
		{E203830E-8506-4A41-8A65-0C15CDCC76DF}.Debug|x86.ActiveCfg = Debug|Any CPU
		{E203830E-8506-4A41-8A65-0C15CDCC76DF}.Release|Any CPU.ActiveCfg = Release|Any CPU
		{E203830E-8506-4A41-8A65-0C15CDCC76DF}.Release|x64.ActiveCfg = Release|Any CPU
		{E203830E-8506-4A41-8A65-0C15CDCC76DF}.Release|x86.ActiveCfg = Release|Any CPU
		{0D21D274-6B31-431D-BF2E-1757223BCFC9}.Debug|Any CPU.ActiveCfg = Debug|Any CPU
		{0D21D274-6B31-431D-BF2E-1757223BCFC9}.Debug|x64.ActiveCfg = Debug|Any CPU
		{0D21D274-6B31-431D-BF2E-1757223BCFC9}.Debug|x86.ActiveCfg = Debug|Any CPU
		{0D21D274-6B31-431D-BF2E-1757223BCFC9}.Release|Any CPU.ActiveCfg = Release|Any CPU
		{0D21D274-6B31-431D-BF2E-1757223BCFC9}.Release|x64.ActiveCfg = Release|Any CPU
		{0D21D274-6B31-431D-BF2E-1757223BCFC9}.Release|x86.ActiveCfg = Release|Any CPU
		{8A0A987A-6F7A-41DD-8118-20D51AB0609B}.Debug|Any CPU.ActiveCfg = Debug|Any CPU
		{8A0A987A-6F7A-41DD-8118-20D51AB0609B}.Debug|x64.ActiveCfg = Debug|Any CPU
		{8A0A987A-6F7A-41DD-8118-20D51AB0609B}.Debug|x86.ActiveCfg = Debug|Any CPU
		{8A0A987A-6F7A-41DD-8118-20D51AB0609B}.Release|Any CPU.ActiveCfg = Release|Any CPU
		{8A0A987A-6F7A-41DD-8118-20D51AB0609B}.Release|x64.ActiveCfg = Release|Any CPU
		{8A0A987A-6F7A-41DD-8118-20D51AB0609B}.Release|x86.ActiveCfg = Release|Any CPU
		{90AE6473-FF75-451B-A11F-3CCA7D96EA5D}.Debug|Any CPU.ActiveCfg = Debug|Any CPU
		{90AE6473-FF75-451B-A11F-3CCA7D96EA5D}.Debug|x64.ActiveCfg = Debug|Any CPU
		{90AE6473-FF75-451B-A11F-3CCA7D96EA5D}.Debug|x86.ActiveCfg = Debug|Any CPU
		{90AE6473-FF75-451B-A11F-3CCA7D96EA5D}.Release|Any CPU.ActiveCfg = Release|Any CPU
		{90AE6473-FF75-451B-A11F-3CCA7D96EA5D}.Release|x64.ActiveCfg = Release|Any CPU
		{90AE6473-FF75-451B-A11F-3CCA7D96EA5D}.Release|x86.ActiveCfg = Release|Any CPU
		{4CFD31B2-963F-4992-A794-A2195AC50664}.Debug|Any CPU.ActiveCfg = Debug|Win32
		{4CFD31B2-963F-4992-A794-A2195AC50664}.Debug|x64.ActiveCfg = Debug|x64
		{4CFD31B2-963F-4992-A794-A2195AC50664}.Debug|x64.Build.0 = Debug|x64
		{4CFD31B2-963F-4992-A794-A2195AC50664}.Debug|x86.ActiveCfg = Debug|Win32
		{4CFD31B2-963F-4992-A794-A2195AC50664}.Debug|x86.Build.0 = Debug|Win32
		{4CFD31B2-963F-4992-A794-A2195AC50664}.Release|Any CPU.ActiveCfg = Release|Win32
		{4CFD31B2-963F-4992-A794-A2195AC50664}.Release|x64.ActiveCfg = Release|x64
		{4CFD31B2-963F-4992-A794-A2195AC50664}.Release|x64.Build.0 = Release|x64
		{4CFD31B2-963F-4992-A794-A2195AC50664}.Release|x86.ActiveCfg = Release|Win32
		{4CFD31B2-963F-4992-A794-A2195AC50664}.Release|x86.Build.0 = Release|Win32
		{09E2EF0F-6687-4266-ACA3-9ABF4A5A88C5}.Debug|Any CPU.ActiveCfg = Debug|Any CPU
		{09E2EF0F-6687-4266-ACA3-9ABF4A5A88C5}.Debug|Any CPU.Build.0 = Debug|Any CPU
		{09E2EF0F-6687-4266-ACA3-9ABF4A5A88C5}.Debug|x64.ActiveCfg = Debug|Any CPU
		{09E2EF0F-6687-4266-ACA3-9ABF4A5A88C5}.Debug|x64.Build.0 = Debug|Any CPU
		{09E2EF0F-6687-4266-ACA3-9ABF4A5A88C5}.Debug|x86.ActiveCfg = Debug|Any CPU
		{09E2EF0F-6687-4266-ACA3-9ABF4A5A88C5}.Debug|x86.Build.0 = Debug|Any CPU
		{09E2EF0F-6687-4266-ACA3-9ABF4A5A88C5}.Release|Any CPU.ActiveCfg = Release|Any CPU
		{09E2EF0F-6687-4266-ACA3-9ABF4A5A88C5}.Release|Any CPU.Build.0 = Release|Any CPU
		{09E2EF0F-6687-4266-ACA3-9ABF4A5A88C5}.Release|x64.ActiveCfg = Release|Any CPU
		{09E2EF0F-6687-4266-ACA3-9ABF4A5A88C5}.Release|x64.Build.0 = Release|Any CPU
		{09E2EF0F-6687-4266-ACA3-9ABF4A5A88C5}.Release|x86.ActiveCfg = Release|Any CPU
		{09E2EF0F-6687-4266-ACA3-9ABF4A5A88C5}.Release|x86.Build.0 = Release|Any CPU
		{81576905-4480-48BD-8DCC-E4B68F53A379}.Debug|Any CPU.ActiveCfg = Debug|Any CPU
		{81576905-4480-48BD-8DCC-E4B68F53A379}.Debug|Any CPU.Build.0 = Debug|Any CPU
		{81576905-4480-48BD-8DCC-E4B68F53A379}.Debug|x64.ActiveCfg = Debug|Any CPU
		{81576905-4480-48BD-8DCC-E4B68F53A379}.Debug|x64.Build.0 = Debug|Any CPU
		{81576905-4480-48BD-8DCC-E4B68F53A379}.Debug|x86.ActiveCfg = Debug|Any CPU
		{81576905-4480-48BD-8DCC-E4B68F53A379}.Debug|x86.Build.0 = Debug|Any CPU
		{81576905-4480-48BD-8DCC-E4B68F53A379}.Release|Any CPU.ActiveCfg = Release|Any CPU
		{81576905-4480-48BD-8DCC-E4B68F53A379}.Release|Any CPU.Build.0 = Release|Any CPU
		{81576905-4480-48BD-8DCC-E4B68F53A379}.Release|x64.ActiveCfg = Release|Any CPU
		{81576905-4480-48BD-8DCC-E4B68F53A379}.Release|x64.Build.0 = Release|Any CPU
		{81576905-4480-48BD-8DCC-E4B68F53A379}.Release|x86.ActiveCfg = Release|Any CPU
		{81576905-4480-48BD-8DCC-E4B68F53A379}.Release|x86.Build.0 = Release|Any CPU
		{E22826DB-C4DB-4EB4-A0FE-BAD6844345F0}.Debug|Any CPU.ActiveCfg = Debug|Win32
		{E22826DB-C4DB-4EB4-A0FE-BAD6844345F0}.Debug|x64.ActiveCfg = Debug|x64
		{E22826DB-C4DB-4EB4-A0FE-BAD6844345F0}.Debug|x64.Build.0 = Debug|x64
		{E22826DB-C4DB-4EB4-A0FE-BAD6844345F0}.Debug|x86.ActiveCfg = Debug|Win32
		{E22826DB-C4DB-4EB4-A0FE-BAD6844345F0}.Debug|x86.Build.0 = Debug|Win32
		{E22826DB-C4DB-4EB4-A0FE-BAD6844345F0}.Release|Any CPU.ActiveCfg = Release|Win32
		{E22826DB-C4DB-4EB4-A0FE-BAD6844345F0}.Release|x64.ActiveCfg = Release|x64
		{E22826DB-C4DB-4EB4-A0FE-BAD6844345F0}.Release|x64.Build.0 = Release|x64
		{E22826DB-C4DB-4EB4-A0FE-BAD6844345F0}.Release|x86.ActiveCfg = Release|Win32
		{E22826DB-C4DB-4EB4-A0FE-BAD6844345F0}.Release|x86.Build.0 = Release|Win32
		{8B21C2E1-78BC-4726-B06C-289AC2404286}.Debug|Any CPU.ActiveCfg = Debug|Any CPU
		{8B21C2E1-78BC-4726-B06C-289AC2404286}.Debug|Any CPU.Build.0 = Debug|Any CPU
		{8B21C2E1-78BC-4726-B06C-289AC2404286}.Debug|x64.ActiveCfg = Debug|Any CPU
		{8B21C2E1-78BC-4726-B06C-289AC2404286}.Debug|x64.Build.0 = Debug|Any CPU
		{8B21C2E1-78BC-4726-B06C-289AC2404286}.Debug|x86.ActiveCfg = Debug|Any CPU
		{8B21C2E1-78BC-4726-B06C-289AC2404286}.Debug|x86.Build.0 = Debug|Any CPU
		{8B21C2E1-78BC-4726-B06C-289AC2404286}.Release|Any CPU.ActiveCfg = Release|Any CPU
		{8B21C2E1-78BC-4726-B06C-289AC2404286}.Release|Any CPU.Build.0 = Release|Any CPU
		{8B21C2E1-78BC-4726-B06C-289AC2404286}.Release|x64.ActiveCfg = Release|Any CPU
		{8B21C2E1-78BC-4726-B06C-289AC2404286}.Release|x64.Build.0 = Release|Any CPU
		{8B21C2E1-78BC-4726-B06C-289AC2404286}.Release|x86.ActiveCfg = Release|Any CPU
		{8B21C2E1-78BC-4726-B06C-289AC2404286}.Release|x86.Build.0 = Release|Any CPU
		{230DF1CB-D713-46D1-B2AE-9AF58380FAD9}.Debug|Any CPU.ActiveCfg = Debug|Win32
		{230DF1CB-D713-46D1-B2AE-9AF58380FAD9}.Debug|x64.ActiveCfg = Debug|x64
		{230DF1CB-D713-46D1-B2AE-9AF58380FAD9}.Debug|x64.Build.0 = Debug|x64
		{230DF1CB-D713-46D1-B2AE-9AF58380FAD9}.Debug|x86.ActiveCfg = Debug|Win32
		{230DF1CB-D713-46D1-B2AE-9AF58380FAD9}.Debug|x86.Build.0 = Debug|Win32
		{230DF1CB-D713-46D1-B2AE-9AF58380FAD9}.Release|Any CPU.ActiveCfg = Release|Win32
		{230DF1CB-D713-46D1-B2AE-9AF58380FAD9}.Release|x64.ActiveCfg = Release|x64
		{230DF1CB-D713-46D1-B2AE-9AF58380FAD9}.Release|x64.Build.0 = Release|x64
		{230DF1CB-D713-46D1-B2AE-9AF58380FAD9}.Release|x86.ActiveCfg = Release|Win32
		{230DF1CB-D713-46D1-B2AE-9AF58380FAD9}.Release|x86.Build.0 = Release|Win32
		{2A57B6FE-BBB6-4E1A-94ED-98B8DBCAA077}.Debug|Any CPU.ActiveCfg = Debug|Win32
		{2A57B6FE-BBB6-4E1A-94ED-98B8DBCAA077}.Debug|x64.ActiveCfg = Debug|x64
		{2A57B6FE-BBB6-4E1A-94ED-98B8DBCAA077}.Debug|x64.Build.0 = Debug|x64
		{2A57B6FE-BBB6-4E1A-94ED-98B8DBCAA077}.Debug|x86.ActiveCfg = Debug|Win32
		{2A57B6FE-BBB6-4E1A-94ED-98B8DBCAA077}.Debug|x86.Build.0 = Debug|Win32
		{2A57B6FE-BBB6-4E1A-94ED-98B8DBCAA077}.Release|Any CPU.ActiveCfg = Release|Win32
		{2A57B6FE-BBB6-4E1A-94ED-98B8DBCAA077}.Release|x64.ActiveCfg = Release|x64
		{2A57B6FE-BBB6-4E1A-94ED-98B8DBCAA077}.Release|x64.Build.0 = Release|x64
		{2A57B6FE-BBB6-4E1A-94ED-98B8DBCAA077}.Release|x86.ActiveCfg = Release|Win32
		{2A57B6FE-BBB6-4E1A-94ED-98B8DBCAA077}.Release|x86.Build.0 = Release|Win32
		{B6D756B7-80CE-4E4A-9522-F08A2B0228EB}.Debug|Any CPU.ActiveCfg = Debug|Win32
		{B6D756B7-80CE-4E4A-9522-F08A2B0228EB}.Debug|x64.ActiveCfg = Debug|x64
		{B6D756B7-80CE-4E4A-9522-F08A2B0228EB}.Debug|x64.Build.0 = Debug|x64
		{B6D756B7-80CE-4E4A-9522-F08A2B0228EB}.Debug|x86.ActiveCfg = Debug|Win32
		{B6D756B7-80CE-4E4A-9522-F08A2B0228EB}.Debug|x86.Build.0 = Debug|Win32
		{B6D756B7-80CE-4E4A-9522-F08A2B0228EB}.Release|Any CPU.ActiveCfg = Release|Win32
		{B6D756B7-80CE-4E4A-9522-F08A2B0228EB}.Release|x64.ActiveCfg = Release|x64
		{B6D756B7-80CE-4E4A-9522-F08A2B0228EB}.Release|x64.Build.0 = Release|x64
		{B6D756B7-80CE-4E4A-9522-F08A2B0228EB}.Release|x86.ActiveCfg = Release|Win32
		{B6D756B7-80CE-4E4A-9522-F08A2B0228EB}.Release|x86.Build.0 = Release|Win32
		{13929215-6B85-423A-9085-42D9ED2567C1}.Debug|Any CPU.ActiveCfg = Debug|Win32
		{13929215-6B85-423A-9085-42D9ED2567C1}.Debug|x64.ActiveCfg = Debug|x64
		{13929215-6B85-423A-9085-42D9ED2567C1}.Debug|x64.Build.0 = Debug|x64
		{13929215-6B85-423A-9085-42D9ED2567C1}.Debug|x86.ActiveCfg = Debug|Win32
		{13929215-6B85-423A-9085-42D9ED2567C1}.Debug|x86.Build.0 = Debug|Win32
		{13929215-6B85-423A-9085-42D9ED2567C1}.Release|Any CPU.ActiveCfg = Release|Win32
		{13929215-6B85-423A-9085-42D9ED2567C1}.Release|x64.ActiveCfg = Release|x64
		{13929215-6B85-423A-9085-42D9ED2567C1}.Release|x64.Build.0 = Release|x64
		{13929215-6B85-423A-9085-42D9ED2567C1}.Release|x86.ActiveCfg = Release|Win32
		{13929215-6B85-423A-9085-42D9ED2567C1}.Release|x86.Build.0 = Release|Win32
		{1D0A317B-4627-46F6-9FEA-A7EF5311EF2F}.Debug|Any CPU.ActiveCfg = Debug|Win32
		{1D0A317B-4627-46F6-9FEA-A7EF5311EF2F}.Debug|x64.ActiveCfg = Debug|x64
		{1D0A317B-4627-46F6-9FEA-A7EF5311EF2F}.Debug|x64.Build.0 = Debug|x64
		{1D0A317B-4627-46F6-9FEA-A7EF5311EF2F}.Debug|x86.ActiveCfg = Debug|Win32
		{1D0A317B-4627-46F6-9FEA-A7EF5311EF2F}.Debug|x86.Build.0 = Debug|Win32
		{1D0A317B-4627-46F6-9FEA-A7EF5311EF2F}.Release|Any CPU.ActiveCfg = Release|Win32
		{1D0A317B-4627-46F6-9FEA-A7EF5311EF2F}.Release|x64.ActiveCfg = Release|x64
		{1D0A317B-4627-46F6-9FEA-A7EF5311EF2F}.Release|x64.Build.0 = Release|x64
		{1D0A317B-4627-46F6-9FEA-A7EF5311EF2F}.Release|x86.ActiveCfg = Release|Win32
		{1D0A317B-4627-46F6-9FEA-A7EF5311EF2F}.Release|x86.Build.0 = Release|Win32
		{09EA76D8-428A-4668-90A6-0DBFF0D38308}.Debug|Any CPU.ActiveCfg = Debug|Any CPU
		{09EA76D8-428A-4668-90A6-0DBFF0D38308}.Debug|x64.ActiveCfg = Debug|Any CPU
		{09EA76D8-428A-4668-90A6-0DBFF0D38308}.Debug|x86.ActiveCfg = Debug|Any CPU
		{09EA76D8-428A-4668-90A6-0DBFF0D38308}.Release|Any CPU.ActiveCfg = Release|Any CPU
		{09EA76D8-428A-4668-90A6-0DBFF0D38308}.Release|x64.ActiveCfg = Release|Any CPU
		{09EA76D8-428A-4668-90A6-0DBFF0D38308}.Release|x86.ActiveCfg = Release|Any CPU
		{A89F51A3-623D-4714-AB6D-AA8E6A35D30B}.Debug|Any CPU.ActiveCfg = Debug|Any CPU
		{A89F51A3-623D-4714-AB6D-AA8E6A35D30B}.Debug|x64.ActiveCfg = Debug|Any CPU
		{A89F51A3-623D-4714-AB6D-AA8E6A35D30B}.Debug|x86.ActiveCfg = Debug|Any CPU
		{A89F51A3-623D-4714-AB6D-AA8E6A35D30B}.Release|Any CPU.ActiveCfg = Release|Any CPU
		{A89F51A3-623D-4714-AB6D-AA8E6A35D30B}.Release|x64.ActiveCfg = Release|Any CPU
		{A89F51A3-623D-4714-AB6D-AA8E6A35D30B}.Release|x86.ActiveCfg = Release|Any CPU
		{495CE1EB-7DAE-488E-B39D-81EC268E037E}.Debug|Any CPU.ActiveCfg = Debug|Any CPU
		{495CE1EB-7DAE-488E-B39D-81EC268E037E}.Debug|x64.ActiveCfg = Debug|Any CPU
		{495CE1EB-7DAE-488E-B39D-81EC268E037E}.Debug|x86.ActiveCfg = Debug|Any CPU
		{495CE1EB-7DAE-488E-B39D-81EC268E037E}.Release|Any CPU.ActiveCfg = Release|Any CPU
		{495CE1EB-7DAE-488E-B39D-81EC268E037E}.Release|x64.ActiveCfg = Release|Any CPU
		{495CE1EB-7DAE-488E-B39D-81EC268E037E}.Release|x86.ActiveCfg = Release|Any CPU
		{B4461109-03C4-41BA-A916-6B645D9DAE04}.Debug|Any CPU.ActiveCfg = Debug|Any CPU
		{B4461109-03C4-41BA-A916-6B645D9DAE04}.Debug|x64.ActiveCfg = Debug|Any CPU
		{B4461109-03C4-41BA-A916-6B645D9DAE04}.Debug|x86.ActiveCfg = Debug|Any CPU
		{B4461109-03C4-41BA-A916-6B645D9DAE04}.Release|Any CPU.ActiveCfg = Release|Any CPU
		{B4461109-03C4-41BA-A916-6B645D9DAE04}.Release|x64.ActiveCfg = Release|Any CPU
		{B4461109-03C4-41BA-A916-6B645D9DAE04}.Release|x86.ActiveCfg = Release|Any CPU
		{877283E1-2BDA-4F97-9C97-B15C06F72101}.Debug|Any CPU.ActiveCfg = Debug|Win32
		{877283E1-2BDA-4F97-9C97-B15C06F72101}.Debug|x64.ActiveCfg = Debug|x64
		{877283E1-2BDA-4F97-9C97-B15C06F72101}.Debug|x64.Build.0 = Debug|x64
		{877283E1-2BDA-4F97-9C97-B15C06F72101}.Debug|x86.ActiveCfg = Debug|Win32
		{877283E1-2BDA-4F97-9C97-B15C06F72101}.Debug|x86.Build.0 = Debug|Win32
		{877283E1-2BDA-4F97-9C97-B15C06F72101}.Release|Any CPU.ActiveCfg = Release|Win32
		{877283E1-2BDA-4F97-9C97-B15C06F72101}.Release|x64.ActiveCfg = Release|x64
		{877283E1-2BDA-4F97-9C97-B15C06F72101}.Release|x64.Build.0 = Release|x64
		{877283E1-2BDA-4F97-9C97-B15C06F72101}.Release|x86.ActiveCfg = Release|Win32
		{877283E1-2BDA-4F97-9C97-B15C06F72101}.Release|x86.Build.0 = Release|Win32
		{9C9FD5F0-1648-4263-8C57-350FDBEC1E31}.Debug|Any CPU.ActiveCfg = Debug|Win32
		{9C9FD5F0-1648-4263-8C57-350FDBEC1E31}.Debug|x64.ActiveCfg = Debug|x64
		{9C9FD5F0-1648-4263-8C57-350FDBEC1E31}.Debug|x64.Build.0 = Debug|x64
		{9C9FD5F0-1648-4263-8C57-350FDBEC1E31}.Debug|x86.ActiveCfg = Debug|Win32
		{9C9FD5F0-1648-4263-8C57-350FDBEC1E31}.Debug|x86.Build.0 = Debug|Win32
		{9C9FD5F0-1648-4263-8C57-350FDBEC1E31}.Release|Any CPU.ActiveCfg = Release|Win32
		{9C9FD5F0-1648-4263-8C57-350FDBEC1E31}.Release|x64.ActiveCfg = Release|x64
		{9C9FD5F0-1648-4263-8C57-350FDBEC1E31}.Release|x64.Build.0 = Release|x64
		{9C9FD5F0-1648-4263-8C57-350FDBEC1E31}.Release|x86.ActiveCfg = Release|Win32
		{9C9FD5F0-1648-4263-8C57-350FDBEC1E31}.Release|x86.Build.0 = Release|Win32
		{AC190ECE-55BE-42F3-9DB7-C1B676871461}.Debug|Any CPU.ActiveCfg = Debug|Any CPU
		{AC190ECE-55BE-42F3-9DB7-C1B676871461}.Debug|Any CPU.Build.0 = Debug|Any CPU
		{AC190ECE-55BE-42F3-9DB7-C1B676871461}.Debug|x64.ActiveCfg = Debug|Any CPU
		{AC190ECE-55BE-42F3-9DB7-C1B676871461}.Debug|x64.Build.0 = Debug|Any CPU
		{AC190ECE-55BE-42F3-9DB7-C1B676871461}.Debug|x86.ActiveCfg = Debug|Any CPU
		{AC190ECE-55BE-42F3-9DB7-C1B676871461}.Debug|x86.Build.0 = Debug|Any CPU
		{AC190ECE-55BE-42F3-9DB7-C1B676871461}.Release|Any CPU.ActiveCfg = Release|Any CPU
		{AC190ECE-55BE-42F3-9DB7-C1B676871461}.Release|Any CPU.Build.0 = Release|Any CPU
		{AC190ECE-55BE-42F3-9DB7-C1B676871461}.Release|x64.ActiveCfg = Release|Any CPU
		{AC190ECE-55BE-42F3-9DB7-C1B676871461}.Release|x64.Build.0 = Release|Any CPU
		{AC190ECE-55BE-42F3-9DB7-C1B676871461}.Release|x86.ActiveCfg = Release|Any CPU
		{AC190ECE-55BE-42F3-9DB7-C1B676871461}.Release|x86.Build.0 = Release|Any CPU
		{926E481F-4CB4-4CAD-964A-939D836C2B97}.Debug|Any CPU.ActiveCfg = Debug|Any CPU
		{926E481F-4CB4-4CAD-964A-939D836C2B97}.Debug|Any CPU.Build.0 = Debug|Any CPU
		{926E481F-4CB4-4CAD-964A-939D836C2B97}.Debug|x64.ActiveCfg = Debug|Any CPU
		{926E481F-4CB4-4CAD-964A-939D836C2B97}.Debug|x64.Build.0 = Debug|Any CPU
		{926E481F-4CB4-4CAD-964A-939D836C2B97}.Debug|x86.ActiveCfg = Debug|Any CPU
		{926E481F-4CB4-4CAD-964A-939D836C2B97}.Debug|x86.Build.0 = Debug|Any CPU
		{926E481F-4CB4-4CAD-964A-939D836C2B97}.Release|Any CPU.ActiveCfg = Release|Any CPU
		{926E481F-4CB4-4CAD-964A-939D836C2B97}.Release|Any CPU.Build.0 = Release|Any CPU
		{926E481F-4CB4-4CAD-964A-939D836C2B97}.Release|x64.ActiveCfg = Release|Any CPU
		{926E481F-4CB4-4CAD-964A-939D836C2B97}.Release|x64.Build.0 = Release|Any CPU
		{926E481F-4CB4-4CAD-964A-939D836C2B97}.Release|x86.ActiveCfg = Release|Any CPU
		{926E481F-4CB4-4CAD-964A-939D836C2B97}.Release|x86.Build.0 = Release|Any CPU
		{73F23333-3A12-4D06-ACDB-8AF3B43BA683}.Debug|Any CPU.ActiveCfg = Debug|Any CPU
		{73F23333-3A12-4D06-ACDB-8AF3B43BA683}.Debug|Any CPU.Build.0 = Debug|Any CPU
		{73F23333-3A12-4D06-ACDB-8AF3B43BA683}.Debug|x64.ActiveCfg = Debug|Any CPU
		{73F23333-3A12-4D06-ACDB-8AF3B43BA683}.Debug|x64.Build.0 = Debug|Any CPU
		{73F23333-3A12-4D06-ACDB-8AF3B43BA683}.Debug|x86.ActiveCfg = Debug|Any CPU
		{73F23333-3A12-4D06-ACDB-8AF3B43BA683}.Debug|x86.Build.0 = Debug|Any CPU
		{73F23333-3A12-4D06-ACDB-8AF3B43BA683}.Release|Any CPU.ActiveCfg = Release|Any CPU
		{73F23333-3A12-4D06-ACDB-8AF3B43BA683}.Release|Any CPU.Build.0 = Release|Any CPU
		{73F23333-3A12-4D06-ACDB-8AF3B43BA683}.Release|x64.ActiveCfg = Release|Any CPU
		{73F23333-3A12-4D06-ACDB-8AF3B43BA683}.Release|x64.Build.0 = Release|Any CPU
		{73F23333-3A12-4D06-ACDB-8AF3B43BA683}.Release|x86.ActiveCfg = Release|Any CPU
		{73F23333-3A12-4D06-ACDB-8AF3B43BA683}.Release|x86.Build.0 = Release|Any CPU
		{5AB3A71B-9FF2-4B02-8B89-25E41CA3CC8E}.Debug|Any CPU.ActiveCfg = Debug|Win32
		{5AB3A71B-9FF2-4B02-8B89-25E41CA3CC8E}.Debug|x64.ActiveCfg = Debug|x64
		{5AB3A71B-9FF2-4B02-8B89-25E41CA3CC8E}.Debug|x64.Build.0 = Debug|x64
		{5AB3A71B-9FF2-4B02-8B89-25E41CA3CC8E}.Debug|x86.ActiveCfg = Debug|Win32
		{5AB3A71B-9FF2-4B02-8B89-25E41CA3CC8E}.Debug|x86.Build.0 = Debug|Win32
		{5AB3A71B-9FF2-4B02-8B89-25E41CA3CC8E}.Release|Any CPU.ActiveCfg = Release|Win32
		{5AB3A71B-9FF2-4B02-8B89-25E41CA3CC8E}.Release|x64.ActiveCfg = Release|x64
		{5AB3A71B-9FF2-4B02-8B89-25E41CA3CC8E}.Release|x64.Build.0 = Release|x64
		{5AB3A71B-9FF2-4B02-8B89-25E41CA3CC8E}.Release|x86.ActiveCfg = Release|Win32
		{5AB3A71B-9FF2-4B02-8B89-25E41CA3CC8E}.Release|x86.Build.0 = Release|Win32
		{BAFCEBE1-DBE2-490E-A6C9-6374DEB5ECFD}.Debug|Any CPU.ActiveCfg = Debug|Win32
		{BAFCEBE1-DBE2-490E-A6C9-6374DEB5ECFD}.Debug|x64.ActiveCfg = Debug|x64
		{BAFCEBE1-DBE2-490E-A6C9-6374DEB5ECFD}.Debug|x64.Build.0 = Debug|x64
		{BAFCEBE1-DBE2-490E-A6C9-6374DEB5ECFD}.Debug|x86.ActiveCfg = Debug|Win32
		{BAFCEBE1-DBE2-490E-A6C9-6374DEB5ECFD}.Debug|x86.Build.0 = Debug|Win32
		{BAFCEBE1-DBE2-490E-A6C9-6374DEB5ECFD}.Release|Any CPU.ActiveCfg = Release|Win32
		{BAFCEBE1-DBE2-490E-A6C9-6374DEB5ECFD}.Release|x64.ActiveCfg = Release|x64
		{BAFCEBE1-DBE2-490E-A6C9-6374DEB5ECFD}.Release|x64.Build.0 = Release|x64
		{BAFCEBE1-DBE2-490E-A6C9-6374DEB5ECFD}.Release|x86.ActiveCfg = Release|Win32
		{BAFCEBE1-DBE2-490E-A6C9-6374DEB5ECFD}.Release|x86.Build.0 = Release|Win32
		{12F91518-AC0D-431C-9ADD-BCBB52BDE2D5}.Debug|Any CPU.ActiveCfg = Debug|Any CPU
		{12F91518-AC0D-431C-9ADD-BCBB52BDE2D5}.Debug|x64.ActiveCfg = Debug|Any CPU
		{12F91518-AC0D-431C-9ADD-BCBB52BDE2D5}.Debug|x86.ActiveCfg = Debug|Any CPU
		{12F91518-AC0D-431C-9ADD-BCBB52BDE2D5}.Release|Any CPU.ActiveCfg = Release|Any CPU
		{12F91518-AC0D-431C-9ADD-BCBB52BDE2D5}.Release|x64.ActiveCfg = Release|Any CPU
		{12F91518-AC0D-431C-9ADD-BCBB52BDE2D5}.Release|x86.ActiveCfg = Release|Any CPU
		{7D5FC9C4-7F25-48FA-A1B9-2BFE21265015}.Debug|Any CPU.ActiveCfg = Debug|Any CPU
		{7D5FC9C4-7F25-48FA-A1B9-2BFE21265015}.Debug|x64.ActiveCfg = Debug|Any CPU
		{7D5FC9C4-7F25-48FA-A1B9-2BFE21265015}.Debug|x86.ActiveCfg = Debug|Any CPU
		{7D5FC9C4-7F25-48FA-A1B9-2BFE21265015}.Release|Any CPU.ActiveCfg = Release|Any CPU
		{7D5FC9C4-7F25-48FA-A1B9-2BFE21265015}.Release|x64.ActiveCfg = Release|Any CPU
		{7D5FC9C4-7F25-48FA-A1B9-2BFE21265015}.Release|x86.ActiveCfg = Release|Any CPU
		{E013E21B-E4FD-49E9-A58F-3E1108F25B64}.Debug|Any CPU.ActiveCfg = Debug|Any CPU
		{E013E21B-E4FD-49E9-A58F-3E1108F25B64}.Debug|x64.ActiveCfg = Debug|Any CPU
		{E013E21B-E4FD-49E9-A58F-3E1108F25B64}.Debug|x86.ActiveCfg = Debug|Any CPU
		{E013E21B-E4FD-49E9-A58F-3E1108F25B64}.Release|Any CPU.ActiveCfg = Release|Any CPU
		{E013E21B-E4FD-49E9-A58F-3E1108F25B64}.Release|x64.ActiveCfg = Release|Any CPU
		{E013E21B-E4FD-49E9-A58F-3E1108F25B64}.Release|x86.ActiveCfg = Release|Any CPU
		{9AC3E567-CC4F-416B-A531-BF0C6E9318CF}.Debug|Any CPU.ActiveCfg = Debug|Win32
		{9AC3E567-CC4F-416B-A531-BF0C6E9318CF}.Debug|x64.ActiveCfg = Debug|x64
		{9AC3E567-CC4F-416B-A531-BF0C6E9318CF}.Debug|x64.Build.0 = Debug|x64
		{9AC3E567-CC4F-416B-A531-BF0C6E9318CF}.Debug|x86.ActiveCfg = Debug|Win32
		{9AC3E567-CC4F-416B-A531-BF0C6E9318CF}.Debug|x86.Build.0 = Debug|Win32
		{9AC3E567-CC4F-416B-A531-BF0C6E9318CF}.Release|Any CPU.ActiveCfg = Release|Win32
		{9AC3E567-CC4F-416B-A531-BF0C6E9318CF}.Release|x64.ActiveCfg = Release|x64
		{9AC3E567-CC4F-416B-A531-BF0C6E9318CF}.Release|x64.Build.0 = Release|x64
		{9AC3E567-CC4F-416B-A531-BF0C6E9318CF}.Release|x86.ActiveCfg = Release|Win32
		{9AC3E567-CC4F-416B-A531-BF0C6E9318CF}.Release|x86.Build.0 = Release|Win32
		{2D7C83F5-9B49-4AEB-9EE4-9331B2530F73}.Debug|Any CPU.ActiveCfg = Debug|Any CPU
		{2D7C83F5-9B49-4AEB-9EE4-9331B2530F73}.Debug|Any CPU.Build.0 = Debug|Any CPU
		{2D7C83F5-9B49-4AEB-9EE4-9331B2530F73}.Debug|x64.ActiveCfg = Debug|Any CPU
		{2D7C83F5-9B49-4AEB-9EE4-9331B2530F73}.Debug|x64.Build.0 = Debug|Any CPU
		{2D7C83F5-9B49-4AEB-9EE4-9331B2530F73}.Debug|x86.ActiveCfg = Debug|Any CPU
		{2D7C83F5-9B49-4AEB-9EE4-9331B2530F73}.Debug|x86.Build.0 = Debug|Any CPU
		{2D7C83F5-9B49-4AEB-9EE4-9331B2530F73}.Release|Any CPU.ActiveCfg = Release|Any CPU
		{2D7C83F5-9B49-4AEB-9EE4-9331B2530F73}.Release|Any CPU.Build.0 = Release|Any CPU
		{2D7C83F5-9B49-4AEB-9EE4-9331B2530F73}.Release|x64.ActiveCfg = Release|Any CPU
		{2D7C83F5-9B49-4AEB-9EE4-9331B2530F73}.Release|x64.Build.0 = Release|Any CPU
		{2D7C83F5-9B49-4AEB-9EE4-9331B2530F73}.Release|x86.ActiveCfg = Release|Any CPU
		{2D7C83F5-9B49-4AEB-9EE4-9331B2530F73}.Release|x86.Build.0 = Release|Any CPU
		{4BD82707-F50B-46A8-9087-04D8263D8764}.Debug|Any CPU.ActiveCfg = Debug|Any CPU
		{4BD82707-F50B-46A8-9087-04D8263D8764}.Debug|Any CPU.Build.0 = Debug|Any CPU
		{4BD82707-F50B-46A8-9087-04D8263D8764}.Debug|x64.ActiveCfg = Debug|Any CPU
		{4BD82707-F50B-46A8-9087-04D8263D8764}.Debug|x64.Build.0 = Debug|Any CPU
		{4BD82707-F50B-46A8-9087-04D8263D8764}.Debug|x86.ActiveCfg = Debug|Any CPU
		{4BD82707-F50B-46A8-9087-04D8263D8764}.Debug|x86.Build.0 = Debug|Any CPU
		{4BD82707-F50B-46A8-9087-04D8263D8764}.Release|Any CPU.ActiveCfg = Release|Any CPU
		{4BD82707-F50B-46A8-9087-04D8263D8764}.Release|Any CPU.Build.0 = Release|Any CPU
		{4BD82707-F50B-46A8-9087-04D8263D8764}.Release|x64.ActiveCfg = Release|Any CPU
		{4BD82707-F50B-46A8-9087-04D8263D8764}.Release|x64.Build.0 = Release|Any CPU
		{4BD82707-F50B-46A8-9087-04D8263D8764}.Release|x86.ActiveCfg = Release|Any CPU
		{4BD82707-F50B-46A8-9087-04D8263D8764}.Release|x86.Build.0 = Release|Any CPU
		{B377DC72-7997-4680-9650-7B4767810CB8}.Debug|Any CPU.ActiveCfg = Debug|Any CPU
		{B377DC72-7997-4680-9650-7B4767810CB8}.Debug|x64.ActiveCfg = Debug|Any CPU
		{B377DC72-7997-4680-9650-7B4767810CB8}.Debug|x86.ActiveCfg = Debug|Any CPU
		{B377DC72-7997-4680-9650-7B4767810CB8}.Release|Any CPU.ActiveCfg = Release|Any CPU
		{B377DC72-7997-4680-9650-7B4767810CB8}.Release|x64.ActiveCfg = Release|Any CPU
		{B377DC72-7997-4680-9650-7B4767810CB8}.Release|x86.ActiveCfg = Release|Any CPU
	EndGlobalSection
	GlobalSection(SolutionProperties) = preSolution
		HideSolutionNode = FALSE
	EndGlobalSection
	GlobalSection(NestedProjects) = preSolution
		{ECF7AB1D-C530-4FD5-AC4A-854A8586DA8E} = {B870B55B-A490-421E-9E01-10F0103E347E}
		{FA978BB5-4DF7-459D-84FC-0C737E2C1C62} = {B870B55B-A490-421E-9E01-10F0103E347E}
		{C472541A-A264-440E-A20E-997DADBF369C} = {B870B55B-A490-421E-9E01-10F0103E347E}
		{4F6616CC-4429-4956-AAC0-F458CD628D3F} = {B870B55B-A490-421E-9E01-10F0103E347E}
		{DD2C9A88-406C-4CE2-BB8F-5760B36ED115} = {025568C8-703C-4402-B5CC-3998B3D236D6}
		{26342D19-03DF-4C04-A538-F28981E9DF37} = {025568C8-703C-4402-B5CC-3998B3D236D6}
		{C8032CB2-0E1D-4EAF-9896-450F1A4D3A55} = {D110BF10-6B19-4408-A683-38F004D9AB3B}
		{B39FEE48-BB89-4553-903D-F01CC0145D1E} = {852E042D-B393-4889-BB77-6D3738E5BD6F}
		{18126F50-4B36-41EE-9022-485CB8660A77} = {852E042D-B393-4889-BB77-6D3738E5BD6F}
		{C91372B1-B482-4018-A634-D5D7475BD687} = {D110BF10-6B19-4408-A683-38F004D9AB3B}
		{9D0551F2-41D3-4951-A2B2-FB2E09D6ADE3} = {B870B55B-A490-421E-9E01-10F0103E347E}
		{26390B00-15A8-4BBC-90A7-C85C410822FF} = {B870B55B-A490-421E-9E01-10F0103E347E}
		{35C08E9C-63ED-41B6-A3C9-6CE50D481A28} = {B870B55B-A490-421E-9E01-10F0103E347E}
		{D650F0D2-9167-4CA8-A868-C12D1D4326B8} = {025568C8-703C-4402-B5CC-3998B3D236D6}
		{C493FBC3-3FBD-489B-999F-8CF3227262D8} = {852E042D-B393-4889-BB77-6D3738E5BD6F}
		{DD1C6D37-3670-4387-A5DC-8B43BD955E07} = {852E042D-B393-4889-BB77-6D3738E5BD6F}
		{7A99D205-839C-4138-B435-C55D78230500} = {852E042D-B393-4889-BB77-6D3738E5BD6F}
		{E1D3ED1B-DF13-4450-BE0A-F7564B853477} = {025568C8-703C-4402-B5CC-3998B3D236D6}
		{002DA476-65C5-44D2-9129-BDAFC5000FC6} = {D110BF10-6B19-4408-A683-38F004D9AB3B}
		{4B92047C-0DA7-4B17-A3A4-C0BD6B46D3F4} = {025568C8-703C-4402-B5CC-3998B3D236D6}
		{C9E9FD1E-DC4B-406E-ADAC-A82B35851E2A} = {B870B55B-A490-421E-9E01-10F0103E347E}
		{6A567CC8-2259-4281-A9B4-30CA5A32A523} = {852E042D-B393-4889-BB77-6D3738E5BD6F}
		{21370C52-77C8-4BAB-A312-57578A3CE75B} = {852E042D-B393-4889-BB77-6D3738E5BD6F}
		{211B17D4-6C87-4614-AE7E-508572CAFA7E} = {B870B55B-A490-421E-9E01-10F0103E347E}
		{09ADF2C2-17F7-48D0-85CE-8D4110732AA3} = {B870B55B-A490-421E-9E01-10F0103E347E}
		{36C20B8D-3567-4AC3-9E89-585318196E4E} = {025568C8-703C-4402-B5CC-3998B3D236D6}
		{E203830E-8506-4A41-8A65-0C15CDCC76DF} = {025568C8-703C-4402-B5CC-3998B3D236D6}
		{0D21D274-6B31-431D-BF2E-1757223BCFC9} = {025568C8-703C-4402-B5CC-3998B3D236D6}
		{8A0A987A-6F7A-41DD-8118-20D51AB0609B} = {025568C8-703C-4402-B5CC-3998B3D236D6}
		{90AE6473-FF75-451B-A11F-3CCA7D96EA5D} = {025568C8-703C-4402-B5CC-3998B3D236D6}
		{4CFD31B2-963F-4992-A794-A2195AC50664} = {B870B55B-A490-421E-9E01-10F0103E347E}
		{09E2EF0F-6687-4266-ACA3-9ABF4A5A88C5} = {852E042D-B393-4889-BB77-6D3738E5BD6F}
		{81576905-4480-48BD-8DCC-E4B68F53A379} = {852E042D-B393-4889-BB77-6D3738E5BD6F}
		{E22826DB-C4DB-4EB4-A0FE-BAD6844345F0} = {B870B55B-A490-421E-9E01-10F0103E347E}
		{8B21C2E1-78BC-4726-B06C-289AC2404286} = {852E042D-B393-4889-BB77-6D3738E5BD6F}
		{230DF1CB-D713-46D1-B2AE-9AF58380FAD9} = {B870B55B-A490-421E-9E01-10F0103E347E}
		{2A57B6FE-BBB6-4E1A-94ED-98B8DBCAA077} = {B870B55B-A490-421E-9E01-10F0103E347E}
		{B6D756B7-80CE-4E4A-9522-F08A2B0228EB} = {B870B55B-A490-421E-9E01-10F0103E347E}
		{13929215-6B85-423A-9085-42D9ED2567C1} = {B870B55B-A490-421E-9E01-10F0103E347E}
		{1D0A317B-4627-46F6-9FEA-A7EF5311EF2F} = {B870B55B-A490-421E-9E01-10F0103E347E}
		{09EA76D8-428A-4668-90A6-0DBFF0D38308} = {025568C8-703C-4402-B5CC-3998B3D236D6}
		{A89F51A3-623D-4714-AB6D-AA8E6A35D30B} = {025568C8-703C-4402-B5CC-3998B3D236D6}
		{495CE1EB-7DAE-488E-B39D-81EC268E037E} = {025568C8-703C-4402-B5CC-3998B3D236D6}
		{B4461109-03C4-41BA-A916-6B645D9DAE04} = {025568C8-703C-4402-B5CC-3998B3D236D6}
		{877283E1-2BDA-4F97-9C97-B15C06F72101} = {B870B55B-A490-421E-9E01-10F0103E347E}
		{9C9FD5F0-1648-4263-8C57-350FDBEC1E31} = {B870B55B-A490-421E-9E01-10F0103E347E}
		{AC190ECE-55BE-42F3-9DB7-C1B676871461} = {852E042D-B393-4889-BB77-6D3738E5BD6F}
		{926E481F-4CB4-4CAD-964A-939D836C2B97} = {852E042D-B393-4889-BB77-6D3738E5BD6F}
		{73F23333-3A12-4D06-ACDB-8AF3B43BA683} = {852E042D-B393-4889-BB77-6D3738E5BD6F}
		{5AB3A71B-9FF2-4B02-8B89-25E41CA3CC8E} = {B870B55B-A490-421E-9E01-10F0103E347E}
		{BAFCEBE1-DBE2-490E-A6C9-6374DEB5ECFD} = {B870B55B-A490-421E-9E01-10F0103E347E}
		{12F91518-AC0D-431C-9ADD-BCBB52BDE2D5} = {025568C8-703C-4402-B5CC-3998B3D236D6}
		{7D5FC9C4-7F25-48FA-A1B9-2BFE21265015} = {025568C8-703C-4402-B5CC-3998B3D236D6}
		{E013E21B-E4FD-49E9-A58F-3E1108F25B64} = {025568C8-703C-4402-B5CC-3998B3D236D6}
		{9AC3E567-CC4F-416B-A531-BF0C6E9318CF} = {B870B55B-A490-421E-9E01-10F0103E347E}
		{2D7C83F5-9B49-4AEB-9EE4-9331B2530F73} = {852E042D-B393-4889-BB77-6D3738E5BD6F}
		{4BD82707-F50B-46A8-9087-04D8263D8764} = {852E042D-B393-4889-BB77-6D3738E5BD6F}
		{B377DC72-7997-4680-9650-7B4767810CB8} = {025568C8-703C-4402-B5CC-3998B3D236D6}
	EndGlobalSection
	GlobalSection(ExtensibilityGlobals) = postSolution
		SolutionGuid = {50855108-F57E-4F5B-8306-2B3CCAF6E097}
	EndGlobalSection
EndGlobal
